
Microsoft Visual Studio Solution File, Format Version 12.00
# Visual Studio 15
VisualStudioVersion = 15.0.26124.0
MinimumVisualStudioVersion = 15.0.26124.0
Project("{2150E333-8FDC-42A3-9474-1A3956D46DE8}") = "src", "src", "{D9BCEE46-739E-4D47-BC61-0046DEFA546A}"
EndProject
Project("{FAE04EC0-301F-11D3-BF4B-00C04F79EFBC}") = "GradeBook", "src\GradeBook\GradeBook.csproj", "{623A7928-2A1D-4B05-9C81-D83FBD0F17EF}"
EndProject
Project("{2150E333-8FDC-42A3-9474-1A3956D46DE8}") = "test", "test", "{5D5D21D9-C689-419C-A9B8-52EAC980B5A9}"
EndProject
Project("{FAE04EC0-301F-11D3-BF4B-00C04F79EFBC}") = "GradeBook.Tests", "test\GradeBook.Tests\GradeBook.Tests.csproj", "{AFB2458E-3250-4A88-82CE-0CA4B1223325}"
EndProject
Global
	GlobalSection(SolutionConfigurationPlatforms) = preSolution
		Debug|Any CPU = Debug|Any CPU
		Debug|x64 = Debug|x64
		Debug|x86 = Debug|x86
		Release|Any CPU = Release|Any CPU
		Release|x64 = Release|x64
		Release|x86 = Release|x86
	EndGlobalSection
	GlobalSection(SolutionProperties) = preSolution
		HideSolutionNode = FALSE
	EndGlobalSection
	GlobalSection(ProjectConfigurationPlatforms) = postSolution
		{623A7928-2A1D-4B05-9C81-D83FBD0F17EF}.Debug|Any CPU.ActiveCfg = Debug|Any CPU
		{623A7928-2A1D-4B05-9C81-D83FBD0F17EF}.Debug|Any CPU.Build.0 = Debug|Any CPU
		{623A7928-2A1D-4B05-9C81-D83FBD0F17EF}.Debug|x64.ActiveCfg = Debug|Any CPU
		{623A7928-2A1D-4B05-9C81-D83FBD0F17EF}.Debug|x64.Build.0 = Debug|Any CPU
		{623A7928-2A1D-4B05-9C81-D83FBD0F17EF}.Debug|x86.ActiveCfg = Debug|Any CPU
		{623A7928-2A1D-4B05-9C81-D83FBD0F17EF}.Debug|x86.Build.0 = Debug|Any CPU
		{623A7928-2A1D-4B05-9C81-D83FBD0F17EF}.Release|Any CPU.ActiveCfg = Release|Any CPU
		{623A7928-2A1D-4B05-9C81-D83FBD0F17EF}.Release|Any CPU.Build.0 = Release|Any CPU
		{623A7928-2A1D-4B05-9C81-D83FBD0F17EF}.Release|x64.ActiveCfg = Release|Any CPU
		{623A7928-2A1D-4B05-9C81-D83FBD0F17EF}.Release|x64.Build.0 = Release|Any CPU
		{623A7928-2A1D-4B05-9C81-D83FBD0F17EF}.Release|x86.ActiveCfg = Release|Any CPU
		{623A7928-2A1D-4B05-9C81-D83FBD0F17EF}.Release|x86.Build.0 = Release|Any CPU
		{AFB2458E-3250-4A88-82CE-0CA4B1223325}.Debug|Any CPU.ActiveCfg = Debug|Any CPU
		{AFB2458E-3250-4A88-82CE-0CA4B1223325}.Debug|Any CPU.Build.0 = Debug|Any CPU
		{AFB2458E-3250-4A88-82CE-0CA4B1223325}.Debug|x64.ActiveCfg = Debug|Any CPU
		{AFB2458E-3250-4A88-82CE-0CA4B1223325}.Debug|x64.Build.0 = Debug|Any CPU
		{AFB2458E-3250-4A88-82CE-0CA4B1223325}.Debug|x86.ActiveCfg = Debug|Any CPU
		{AFB2458E-3250-4A88-82CE-0CA4B1223325}.Debug|x86.Build.0 = Debug|Any CPU
		{AFB2458E-3250-4A88-82CE-0CA4B1223325}.Release|Any CPU.ActiveCfg = Release|Any CPU
		{AFB2458E-3250-4A88-82CE-0CA4B1223325}.Release|Any CPU.Build.0 = Release|Any CPU
		{AFB2458E-3250-4A88-82CE-0CA4B1223325}.Release|x64.ActiveCfg = Release|Any CPU
		{AFB2458E-3250-4A88-82CE-0CA4B1223325}.Release|x64.Build.0 = Release|Any CPU
		{AFB2458E-3250-4A88-82CE-0CA4B1223325}.Release|x86.ActiveCfg = Release|Any CPU
		{AFB2458E-3250-4A88-82CE-0CA4B1223325}.Release|x86.Build.0 = Release|Any CPU
	EndGlobalSection
	GlobalSection(NestedProjects) = preSolution
		{623A7928-2A1D-4B05-9C81-D83FBD0F17EF} = {D9BCEE46-739E-4D47-BC61-0046DEFA546A}
		{AFB2458E-3250-4A88-82CE-0CA4B1223325} = {5D5D21D9-C689-419C-A9B8-52EAC980B5A9}
	EndGlobalSection
EndGlobal
